
Microsoft Visual Studio Solution File, Format Version 12.00
# Visual Studio Version 17
VisualStudioVersion = 17.13.35818.85
MinimumVisualStudioVersion = 10.0.40219.1
Project("{FAE04EC0-301F-11D3-BF4B-00C04F79EFBC}") = "RentHub.Core", "RentHub.Core\RentHub.Core.csproj", "{A166686E-222A-4859-9E26-9B01E5BBC376}"
EndProject
Project("{FAE04EC0-301F-11D3-BF4B-00C04F79EFBC}") = "RentHub.API", "RentHub.API\RentHub.API.csproj", "{9F9378DF-A52A-4D49-908C-51B4FAAE150B}"
EndProject
Project("{FAE04EC0-301F-11D3-BF4B-00C04F79EFBC}") = "RentHub.App", "RentHub.App\RentHub.App.csproj", "{78E66BDE-0006-4662-8C8C-18FE2DDF2BDD}"
EndProject
Global
	GlobalSection(SolutionConfigurationPlatforms) = preSolution
		Debug|Any CPU = Debug|Any CPU
		Release|Any CPU = Release|Any CPU
	EndGlobalSection
	GlobalSection(ProjectConfigurationPlatforms) = postSolution
		{A166686E-222A-4859-9E26-9B01E5BBC376}.Debug|Any CPU.ActiveCfg = Debug|Any CPU
		{A166686E-222A-4859-9E26-9B01E5BBC376}.Debug|Any CPU.Build.0 = Debug|Any CPU
		{A166686E-222A-4859-9E26-9B01E5BBC376}.Release|Any CPU.ActiveCfg = Release|Any CPU
		{A166686E-222A-4859-9E26-9B01E5BBC376}.Release|Any CPU.Build.0 = Release|Any CPU
		{9F9378DF-A52A-4D49-908C-51B4FAAE150B}.Debug|Any CPU.ActiveCfg = Debug|Any CPU
		{9F9378DF-A52A-4D49-908C-51B4FAAE150B}.Debug|Any CPU.Build.0 = Debug|Any CPU
		{9F9378DF-A52A-4D49-908C-51B4FAAE150B}.Release|Any CPU.ActiveCfg = Release|Any CPU
		{9F9378DF-A52A-4D49-908C-51B4FAAE150B}.Release|Any CPU.Build.0 = Release|Any CPU
		{78E66BDE-0006-4662-8C8C-18FE2DDF2BDD}.Debug|Any CPU.ActiveCfg = Debug|Any CPU
		{78E66BDE-0006-4662-8C8C-18FE2DDF2BDD}.Debug|Any CPU.Build.0 = Debug|Any CPU
		{78E66BDE-0006-4662-8C8C-18FE2DDF2BDD}.Release|Any CPU.ActiveCfg = Release|Any CPU
		{78E66BDE-0006-4662-8C8C-18FE2DDF2BDD}.Release|Any CPU.Build.0 = Release|Any CPU
	EndGlobalSection
	GlobalSection(SolutionProperties) = preSolution
		HideSolutionNode = FALSE
	EndGlobalSection
	GlobalSection(ExtensibilityGlobals) = postSolution
		SolutionGuid = {714AE55A-6B83-4929-9703-3EBEAA0D6060}
	EndGlobalSection
EndGlobal
